
Microsoft Visual Studio Solution File, Format Version 12.00
# Visual Studio Version 16
VisualStudioVersion = 16.0.29613.14
MinimumVisualStudioVersion = 10.0.40219.1
Project("{9A19103F-16F7-4668-BE54-9A1E7A4F7556}") = "stormserver", "stormserver\stormserver.csproj", "{8D60AD6F-5A4F-43DE-9E26-A7987F4A8B8D}"
EndProject
Project("{9A19103F-16F7-4668-BE54-9A1E7A4F7556}") = "stormutils", "stormutils\stormutils.csproj", "{74E0D249-BAA8-4DC0-945A-095AC1CB6ABF}"
EndProject
Project("{9A19103F-16F7-4668-BE54-9A1E7A4F7556}") = "stormclient", "stormclient\stormclient.csproj", "{F5C713F1-FE1E-4F84-824E-F6BC9DA0FB28}"
EndProject
Project("{9A19103F-16F7-4668-BE54-9A1E7A4F7556}") = "stormcloud", "stormcloud\stormcloud.csproj", "{683B650C-7EA6-48BD-BADD-C0F3A9F2748E}"
EndProject
Project("{FAE04EC0-301F-11D3-BF4B-00C04F79EFBC}") = "SSHTunneler", "SSHTunneler\SSHTunneler.csproj", "{B47A5809-09FC-49B2-8567-2F9E1E519235}"
EndProject
Global
	GlobalSection(SolutionConfigurationPlatforms) = preSolution
		Debug|Any CPU = Debug|Any CPU
		Release|Any CPU = Release|Any CPU
	EndGlobalSection
	GlobalSection(ProjectConfigurationPlatforms) = postSolution
		{8D60AD6F-5A4F-43DE-9E26-A7987F4A8B8D}.Debug|Any CPU.ActiveCfg = Debug|Any CPU
		{8D60AD6F-5A4F-43DE-9E26-A7987F4A8B8D}.Debug|Any CPU.Build.0 = Debug|Any CPU
		{8D60AD6F-5A4F-43DE-9E26-A7987F4A8B8D}.Release|Any CPU.ActiveCfg = Release|Any CPU
		{8D60AD6F-5A4F-43DE-9E26-A7987F4A8B8D}.Release|Any CPU.Build.0 = Release|Any CPU
		{74E0D249-BAA8-4DC0-945A-095AC1CB6ABF}.Debug|Any CPU.ActiveCfg = Debug|Any CPU
		{74E0D249-BAA8-4DC0-945A-095AC1CB6ABF}.Debug|Any CPU.Build.0 = Debug|Any CPU
		{74E0D249-BAA8-4DC0-945A-095AC1CB6ABF}.Release|Any CPU.ActiveCfg = Release|Any CPU
		{74E0D249-BAA8-4DC0-945A-095AC1CB6ABF}.Release|Any CPU.Build.0 = Release|Any CPU
		{F5C713F1-FE1E-4F84-824E-F6BC9DA0FB28}.Debug|Any CPU.ActiveCfg = Debug|Any CPU
		{F5C713F1-FE1E-4F84-824E-F6BC9DA0FB28}.Debug|Any CPU.Build.0 = Debug|Any CPU
		{F5C713F1-FE1E-4F84-824E-F6BC9DA0FB28}.Release|Any CPU.ActiveCfg = Release|Any CPU
		{F5C713F1-FE1E-4F84-824E-F6BC9DA0FB28}.Release|Any CPU.Build.0 = Release|Any CPU
		{683B650C-7EA6-48BD-BADD-C0F3A9F2748E}.Debug|Any CPU.ActiveCfg = Debug|Any CPU
		{683B650C-7EA6-48BD-BADD-C0F3A9F2748E}.Debug|Any CPU.Build.0 = Debug|Any CPU
		{683B650C-7EA6-48BD-BADD-C0F3A9F2748E}.Release|Any CPU.ActiveCfg = Release|Any CPU
		{683B650C-7EA6-48BD-BADD-C0F3A9F2748E}.Release|Any CPU.Build.0 = Release|Any CPU
		{B47A5809-09FC-49B2-8567-2F9E1E519235}.Debug|Any CPU.ActiveCfg = Debug|Any CPU
		{B47A5809-09FC-49B2-8567-2F9E1E519235}.Debug|Any CPU.Build.0 = Debug|Any CPU
		{B47A5809-09FC-49B2-8567-2F9E1E519235}.Release|Any CPU.ActiveCfg = Release|Any CPU
		{B47A5809-09FC-49B2-8567-2F9E1E519235}.Release|Any CPU.Build.0 = Release|Any CPU
	EndGlobalSection
	GlobalSection(SolutionProperties) = preSolution
		HideSolutionNode = FALSE
	EndGlobalSection
	GlobalSection(ExtensibilityGlobals) = postSolution
		SolutionGuid = {46262165-B1FA-416F-A81C-33DB8A8F8C81}
	EndGlobalSection
EndGlobal
